// !$*UTF8*$!
{
	archiveVersion = 1;
	classes = {
	};
	objectVersion = 48;
	objects = {

/* Begin PBXBuildFile section */
		5953FB425A2457549F0A171A /* Pods_ExportContact_VCard_.framework in Frameworks */ = {isa = PBXBuildFile; fileRef = B7209709A9E6B4239C24DF81 /* Pods_ExportContact_VCard_.framework */; };
		D9032752211F11DF00E6AC35 /* AppDelegate.swift in Sources */ = {isa = PBXBuildFile; fileRef = D9032751211F11DF00E6AC35 /* AppDelegate.swift */; };
		D9032754211F11DF00E6AC35 /* HomeScreen.swift in Sources */ = {isa = PBXBuildFile; fileRef = D9032753211F11DF00E6AC35 /* HomeScreen.swift */; };
		D9032757211F11DF00E6AC35 /* Main.storyboard in Resources */ = {isa = PBXBuildFile; fileRef = D9032755211F11DF00E6AC35 /* Main.storyboard */; };
		D9032759211F11DF00E6AC35 /* Assets.xcassets in Resources */ = {isa = PBXBuildFile; fileRef = D9032758211F11DF00E6AC35 /* Assets.xcassets */; };
		D903275C211F11DF00E6AC35 /* LaunchScreen.storyboard in Resources */ = {isa = PBXBuildFile; fileRef = D903275A211F11DF00E6AC35 /* LaunchScreen.storyboard */; };
		D968C076211F385B00945E82 /* OnboardingViewClass.swift in Sources */ = {isa = PBXBuildFile; fileRef = D968C075211F385B00945E82 /* OnboardingViewClass.swift */; };
		D9CA840F211F16CB007BE07F /* OnboardViewController.swift in Sources */ = {isa = PBXBuildFile; fileRef = D9CA840E211F16CB007BE07F /* OnboardViewController.swift */; };
/* End PBXBuildFile section */

/* Begin PBXFileReference section */
		B6BEBEF5953EA90C93F36CAB /* Pods-ExportContact(VCard).debug.xcconfig */ = {isa = PBXFileReference; includeInIndex = 1; lastKnownFileType = text.xcconfig; name = "Pods-ExportContact(VCard).debug.xcconfig"; path = "Pods/Target Support Files/Pods-ExportContact(VCard)/Pods-ExportContact(VCard).debug.xcconfig"; sourceTree = "<group>"; };
		B7209709A9E6B4239C24DF81 /* Pods_ExportContact_VCard_.framework */ = {isa = PBXFileReference; explicitFileType = wrapper.framework; includeInIndex = 0; path = Pods_ExportContact_VCard_.framework; sourceTree = BUILT_PRODUCTS_DIR; };
		D903274E211F11DF00E6AC35 /* ExportContact(VCard).app */ = {isa = PBXFileReference; explicitFileType = wrapper.application; includeInIndex = 0; path = "ExportContact(VCard).app"; sourceTree = BUILT_PRODUCTS_DIR; };
		D9032751211F11DF00E6AC35 /* AppDelegate.swift */ = {isa = PBXFileReference; lastKnownFileType = sourcecode.swift; path = AppDelegate.swift; sourceTree = "<group>"; };
		D9032753211F11DF00E6AC35 /* HomeScreen.swift */ = {isa = PBXFileReference; lastKnownFileType = sourcecode.swift; path = HomeScreen.swift; sourceTree = "<group>"; };
		D9032756211F11DF00E6AC35 /* Base */ = {isa = PBXFileReference; lastKnownFileType = file.storyboard; name = Base; path = Base.lproj/Main.storyboard; sourceTree = "<group>"; };
		D9032758211F11DF00E6AC35 /* Assets.xcassets */ = {isa = PBXFileReference; lastKnownFileType = folder.assetcatalog; path = Assets.xcassets; sourceTree = "<group>"; };
		D903275B211F11DF00E6AC35 /* Base */ = {isa = PBXFileReference; lastKnownFileType = file.storyboard; name = Base; path = Base.lproj/LaunchScreen.storyboard; sourceTree = "<group>"; };
		D903275D211F11DF00E6AC35 /* Info.plist */ = {isa = PBXFileReference; lastKnownFileType = text.plist.xml; path = Info.plist; sourceTree = "<group>"; };
		D968C075211F385B00945E82 /* OnboardingViewClass.swift */ = {isa = PBXFileReference; lastKnownFileType = sourcecode.swift; path = OnboardingViewClass.swift; sourceTree = "<group>"; };
		D9CA840E211F16CB007BE07F /* OnboardViewController.swift */ = {isa = PBXFileReference; lastKnownFileType = sourcecode.swift; path = OnboardViewController.swift; sourceTree = "<group>"; };
		EAB9F44E22C15DEFA3851B44 /* Pods-ExportContact(VCard).release.xcconfig */ = {isa = PBXFileReference; includeInIndex = 1; lastKnownFileType = text.xcconfig; name = "Pods-ExportContact(VCard).release.xcconfig"; path = "Pods/Target Support Files/Pods-ExportContact(VCard)/Pods-ExportContact(VCard).release.xcconfig"; sourceTree = "<group>"; };
/* End PBXFileReference section */

/* Begin PBXFrameworksBuildPhase section */
		D903274B211F11DF00E6AC35 /* Frameworks */ = {
			isa = PBXFrameworksBuildPhase;
			buildActionMask = 2147483647;
			files = (
				5953FB425A2457549F0A171A /* Pods_ExportContact_VCard_.framework in Frameworks */,
			);
			runOnlyForDeploymentPostprocessing = 0;
		};
/* End PBXFrameworksBuildPhase section */

/* Begin PBXGroup section */
		3B257FA3F5E212DEE76170AA /* Pods */ = {
			isa = PBXGroup;
			children = (
				B6BEBEF5953EA90C93F36CAB /* Pods-ExportContact(VCard).debug.xcconfig */,
				EAB9F44E22C15DEFA3851B44 /* Pods-ExportContact(VCard).release.xcconfig */,
			);
			name = Pods;
			sourceTree = "<group>";
		};
		D9032745211F11DF00E6AC35 = {
			isa = PBXGroup;
			children = (
				D9032750211F11DF00E6AC35 /* ExportContact(VCard) */,
				D903274F211F11DF00E6AC35 /* Products */,
				3B257FA3F5E212DEE76170AA /* Pods */,
				F84C321DBB58504F577DF2D0 /* Frameworks */,
			);
			sourceTree = "<group>";
		};
		D903274F211F11DF00E6AC35 /* Products */ = {
			isa = PBXGroup;
			children = (
				D903274E211F11DF00E6AC35 /* ExportContact(VCard).app */,
			);
			name = Products;
			sourceTree = "<group>";
		};
		D9032750211F11DF00E6AC35 /* ExportContact(VCard) */ = {
			isa = PBXGroup;
			children = (
				D9032751211F11DF00E6AC35 /* AppDelegate.swift */,
				D9032753211F11DF00E6AC35 /* HomeScreen.swift */,
				D9CA840E211F16CB007BE07F /* OnboardViewController.swift */,
				D968C075211F385B00945E82 /* OnboardingViewClass.swift */,
				D9032755211F11DF00E6AC35 /* Main.storyboard */,
				D9032758211F11DF00E6AC35 /* Assets.xcassets */,
				D903275A211F11DF00E6AC35 /* LaunchScreen.storyboard */,
				D903275D211F11DF00E6AC35 /* Info.plist */,
			);
			path = "ExportContact(VCard)";
			sourceTree = "<group>";
		};
		F84C321DBB58504F577DF2D0 /* Frameworks */ = {
			isa = PBXGroup;
			children = (
				B7209709A9E6B4239C24DF81 /* Pods_ExportContact_VCard_.framework */,
			);
			name = Frameworks;
			sourceTree = "<group>";
		};
/* End PBXGroup section */

/* Begin PBXNativeTarget section */
		D903274D211F11DF00E6AC35 /* ExportContact(VCard) */ = {
			isa = PBXNativeTarget;
			buildConfigurationList = D9032760211F11DF00E6AC35 /* Build configuration list for PBXNativeTarget "ExportContact(VCard)" */;
			buildPhases = (
				829D96278385EC1C9E62AD65 /* [CP] Check Pods Manifest.lock */,
				D903274A211F11DF00E6AC35 /* Sources */,
				D903274B211F11DF00E6AC35 /* Frameworks */,
				D903274C211F11DF00E6AC35 /* Resources */,
				9F254A93D2EBACDFAC7A243B /* [CP] Embed Pods Frameworks */,
			);
			buildRules = (
			);
			dependencies = (
			);
			name = "ExportContact(VCard)";
			productName = "ExportContact(VCard)";
			productReference = D903274E211F11DF00E6AC35 /* ExportContact(VCard).app */;
			productType = "com.apple.product-type.application";
		};
/* End PBXNativeTarget section */

/* Begin PBXProject section */
		D9032746211F11DF00E6AC35 /* Project object */ = {
			isa = PBXProject;
			attributes = {
				LastSwiftUpdateCheck = 0910;
				LastUpgradeCheck = 0910;
				ORGANIZATIONNAME = "Mustafa GUNES";
				TargetAttributes = {
					D903274D211F11DF00E6AC35 = {
						CreatedOnToolsVersion = 9.1;
						ProvisioningStyle = Automatic;
					};
				};
			};
			buildConfigurationList = D9032749211F11DF00E6AC35 /* Build configuration list for PBXProject "ExportContact(VCard)" */;
			compatibilityVersion = "Xcode 8.0";
			developmentRegion = en;
			hasScannedForEncodings = 0;
			knownRegions = (
				en,
				Base,
			);
			mainGroup = D9032745211F11DF00E6AC35;
			productRefGroup = D903274F211F11DF00E6AC35 /* Products */;
			projectDirPath = "";
			projectRoot = "";
			targets = (
				D903274D211F11DF00E6AC35 /* ExportContact(VCard) */,
			);
		};
/* End PBXProject section */

/* Begin PBXResourcesBuildPhase section */
		D903274C211F11DF00E6AC35 /* Resources */ = {
			isa = PBXResourcesBuildPhase;
			buildActionMask = 2147483647;
			files = (
				D903275C211F11DF00E6AC35 /* LaunchScreen.storyboard in Resources */,
				D9032759211F11DF00E6AC35 /* Assets.xcassets in Resources */,
				D9032757211F11DF00E6AC35 /* Main.storyboard in Resources */,
			);
			runOnlyForDeploymentPostprocessing = 0;
		};
/* End PBXResourcesBuildPhase section */

/* Begin PBXShellScriptBuildPhase section */
		829D96278385EC1C9E62AD65 /* [CP] Check Pods Manifest.lock */ = {
			isa = PBXShellScriptBuildPhase;
			buildActionMask = 2147483647;
			files = (
			);
			inputPaths = (
				"${PODS_PODFILE_DIR_PATH}/Podfile.lock",
				"${PODS_ROOT}/Manifest.lock",
			);
			name = "[CP] Check Pods Manifest.lock";
			outputPaths = (
				"$(DERIVED_FILE_DIR)/Pods-ExportContact(VCard)-checkManifestLockResult.txt",
			);
			runOnlyForDeploymentPostprocessing = 0;
			shellPath = /bin/sh;
			shellScript = "diff \"${PODS_PODFILE_DIR_PATH}/Podfile.lock\" \"${PODS_ROOT}/Manifest.lock\" > /dev/null\nif [ $? != 0 ] ; then\n    # print error to STDERR\n    echo \"error: The sandbox is not in sync with the Podfile.lock. Run 'pod install' or update your CocoaPods installation.\" >&2\n    exit 1\nfi\n# This output is used by Xcode 'outputs' to avoid re-running this script phase.\necho \"SUCCESS\" > \"${SCRIPT_OUTPUT_FILE_0}\"\n";
			showEnvVarsInLog = 0;
		};
		9F254A93D2EBACDFAC7A243B /* [CP] Embed Pods Frameworks */ = {
			isa = PBXShellScriptBuildPhase;
			buildActionMask = 2147483647;
			files = (
			);
			inputPaths = (
				"${SRCROOT}/Pods/Target Support Files/Pods-ExportContact(VCard)/Pods-ExportContact(VCard)-frameworks.sh",
				"${BUILT_PRODUCTS_DIR}/RevealingSplashView/RevealingSplashView.framework",
				"${BUILT_PRODUCTS_DIR}/SwiftyButton/SwiftyButton.framework",
				"${BUILT_PRODUCTS_DIR}/paper-onboarding/paper_onboarding.framework",
			);
			name = "[CP] Embed Pods Frameworks";
			outputPaths = (
				"${TARGET_BUILD_DIR}/${FRAMEWORKS_FOLDER_PATH}/RevealingSplashView.framework",
				"${TARGET_BUILD_DIR}/${FRAMEWORKS_FOLDER_PATH}/SwiftyButton.framework",
				"${TARGET_BUILD_DIR}/${FRAMEWORKS_FOLDER_PATH}/paper_onboarding.framework",
			);
			runOnlyForDeploymentPostprocessing = 0;
			shellPath = /bin/sh;
			shellScript = "\"${SRCROOT}/Pods/Target Support Files/Pods-ExportContact(VCard)/Pods-ExportContact(VCard)-frameworks.sh\"\n";
			showEnvVarsInLog = 0;
		};
/* End PBXShellScriptBuildPhase section */

/* Begin PBXSourcesBuildPhase section */
		D903274A211F11DF00E6AC35 /* Sources */ = {
			isa = PBXSourcesBuildPhase;
			buildActionMask = 2147483647;
			files = (
				D968C076211F385B00945E82 /* OnboardingViewClass.swift in Sources */,
				D9032754211F11DF00E6AC35 /* HomeScreen.swift in Sources */,
				D9032752211F11DF00E6AC35 /* AppDelegate.swift in Sources */,
				D9CA840F211F16CB007BE07F /* OnboardViewController.swift in Sources */,
			);
			runOnlyForDeploymentPostprocessing = 0;
		};
/* End PBXSourcesBuildPhase section */

/* Begin PBXVariantGroup section */
		D9032755211F11DF00E6AC35 /* Main.storyboard */ = {
			isa = PBXVariantGroup;
			children = (
				D9032756211F11DF00E6AC35 /* Base */,
			);
			name = Main.storyboard;
			sourceTree = "<group>";
		};
		D903275A211F11DF00E6AC35 /* LaunchScreen.storyboard */ = {
			isa = PBXVariantGroup;
			children = (
				D903275B211F11DF00E6AC35 /* Base */,
			);
			name = LaunchScreen.storyboard;
			sourceTree = "<group>";
		};
/* End PBXVariantGroup section */

/* Begin XCBuildConfiguration section */
		D903275E211F11DF00E6AC35 /* Debug */ = {
			isa = XCBuildConfiguration;
			buildSettings = {
				ALWAYS_SEARCH_USER_PATHS = NO;
				CLANG_ANALYZER_NONNULL = YES;
				CLANG_ANALYZER_NUMBER_OBJECT_CONVERSION = YES_AGGRESSIVE;
				CLANG_CXX_LANGUAGE_STANDARD = "gnu++14";
				CLANG_CXX_LIBRARY = "libc++";
				CLANG_ENABLE_MODULES = YES;
				CLANG_ENABLE_OBJC_ARC = YES;
				CLANG_WARN_BLOCK_CAPTURE_AUTORELEASING = YES;
				CLANG_WARN_BOOL_CONVERSION = YES;
				CLANG_WARN_COMMA = YES;
				CLANG_WARN_CONSTANT_CONVERSION = YES;
				CLANG_WARN_DIRECT_OBJC_ISA_USAGE = YES_ERROR;
				CLANG_WARN_DOCUMENTATION_COMMENTS = YES;
				CLANG_WARN_EMPTY_BODY = YES;
				CLANG_WARN_ENUM_CONVERSION = YES;
				CLANG_WARN_INFINITE_RECURSION = YES;
				CLANG_WARN_INT_CONVERSION = YES;
				CLANG_WARN_NON_LITERAL_NULL_CONVERSION = YES;
				CLANG_WARN_OBJC_LITERAL_CONVERSION = YES;
				CLANG_WARN_OBJC_ROOT_CLASS = YES_ERROR;
				CLANG_WARN_RANGE_LOOP_ANALYSIS = YES;
				CLANG_WARN_STRICT_PROTOTYPES = YES;
				CLANG_WARN_SUSPICIOUS_MOVE = YES;
				CLANG_WARN_UNGUARDED_AVAILABILITY = YES_AGGRESSIVE;
				CLANG_WARN_UNREACHABLE_CODE = YES;
				CLANG_WARN__DUPLICATE_METHOD_MATCH = YES;
				CODE_SIGN_IDENTITY = "iPhone Developer";
				COPY_PHASE_STRIP = NO;
				DEBUG_INFORMATION_FORMAT = dwarf;
				ENABLE_STRICT_OBJC_MSGSEND = YES;
				ENABLE_TESTABILITY = YES;
				GCC_C_LANGUAGE_STANDARD = gnu11;
				GCC_DYNAMIC_NO_PIC = NO;
				GCC_NO_COMMON_BLOCKS = YES;
				GCC_OPTIMIZATION_LEVEL = 0;
				GCC_PREPROCESSOR_DEFINITIONS = (
					"DEBUG=1",
					"$(inherited)",
				);
				GCC_WARN_64_TO_32_BIT_CONVERSION = YES;
				GCC_WARN_ABOUT_RETURN_TYPE = YES_ERROR;
				GCC_WARN_UNDECLARED_SELECTOR = YES;
				GCC_WARN_UNINITIALIZED_AUTOS = YES_AGGRESSIVE;
				GCC_WARN_UNUSED_FUNCTION = YES;
				GCC_WARN_UNUSED_VARIABLE = YES;
				IPHONEOS_DEPLOYMENT_TARGET = 11.1;
				MTL_ENABLE_DEBUG_INFO = YES;
				ONLY_ACTIVE_ARCH = YES;
				SDKROOT = iphoneos;
				SWIFT_ACTIVE_COMPILATION_CONDITIONS = DEBUG;
				SWIFT_OPTIMIZATION_LEVEL = "-Onone";
			};
			name = Debug;
		};
		D903275F211F11DF00E6AC35 /* Release */ = {
			isa = XCBuildConfiguration;
			buildSettings = {
				ALWAYS_SEARCH_USER_PATHS = NO;
				CLANG_ANALYZER_NONNULL = YES;
				CLANG_ANALYZER_NUMBER_OBJECT_CONVERSION = YES_AGGRESSIVE;
				CLANG_CXX_LANGUAGE_STANDARD = "gnu++14";
				CLANG_CXX_LIBRARY = "libc++";
				CLANG_ENABLE_MODULES = YES;
				CLANG_ENABLE_OBJC_ARC = YES;
				CLANG_WARN_BLOCK_CAPTURE_AUTORELEASING = YES;
				CLANG_WARN_BOOL_CONVERSION = YES;
				CLANG_WARN_COMMA = YES;
				CLANG_WARN_CONSTANT_CONVERSION = YES;
				CLANG_WARN_DIRECT_OBJC_ISA_USAGE = YES_ERROR;
				CLANG_WARN_DOCUMENTATION_COMMENTS = YES;
				CLANG_WARN_EMPTY_BODY = YES;
				CLANG_WARN_ENUM_CONVERSION = YES;
				CLANG_WARN_INFINITE_RECURSION = YES;
				CLANG_WARN_INT_CONVERSION = YES;
				CLANG_WARN_NON_LITERAL_NULL_CONVERSION = YES;
				CLANG_WARN_OBJC_LITERAL_CONVERSION = YES;
				CLANG_WARN_OBJC_ROOT_CLASS = YES_ERROR;
				CLANG_WARN_RANGE_LOOP_ANALYSIS = YES;
				CLANG_WARN_STRICT_PROTOTYPES = YES;
				CLANG_WARN_SUSPICIOUS_MOVE = YES;
				CLANG_WARN_UNGUARDED_AVAILABILITY = YES_AGGRESSIVE;
				CLANG_WARN_UNREACHABLE_CODE = YES;
				CLANG_WARN__DUPLICATE_METHOD_MATCH = YES;
				CODE_SIGN_IDENTITY = "iPhone Developer";
				COPY_PHASE_STRIP = NO;
				DEBUG_INFORMATION_FORMAT = "dwarf-with-dsym";
				ENABLE_NS_ASSERTIONS = NO;
				ENABLE_STRICT_OBJC_MSGSEND = YES;
				GCC_C_LANGUAGE_STANDARD = gnu11;
				GCC_NO_COMMON_BLOCKS = YES;
				GCC_WARN_64_TO_32_BIT_CONVERSION = YES;
				GCC_WARN_ABOUT_RETURN_TYPE = YES_ERROR;
				GCC_WARN_UNDECLARED_SELECTOR = YES;
				GCC_WARN_UNINITIALIZED_AUTOS = YES_AGGRESSIVE;
				GCC_WARN_UNUSED_FUNCTION = YES;
				GCC_WARN_UNUSED_VARIABLE = YES;
				IPHONEOS_DEPLOYMENT_TARGET = 11.1;
				MTL_ENABLE_DEBUG_INFO = NO;
				SDKROOT = iphoneos;
				SWIFT_OPTIMIZATION_LEVEL = "-Owholemodule";
				VALIDATE_PRODUCT = YES;
			};
			name = Release;
		};
		D9032761211F11DF00E6AC35 /* Debug */ = {
			isa = XCBuildConfiguration;
			baseConfigurationReference = B6BEBEF5953EA90C93F36CAB /* Pods-ExportContact(VCard).debug.xcconfig */;
			buildSettings = {
				ASSETCATALOG_COMPILER_APPICON_NAME = AppIcon;
				CODE_SIGN_STYLE = Automatic;
				DEVELOPMENT_TEAM = 8DVHX5WRRH;
				INFOPLIST_FILE = "ExportContact(VCard)/Info.plist";
				IPHONEOS_DEPLOYMENT_TARGET = 10.0;
				LD_RUNPATH_SEARCH_PATHS = "$(inherited) @executable_path/Frameworks";
				PRODUCT_BUNDLE_IDENTIFIER = "com.mustafagunes.ExportContact-VCard-";
				PRODUCT_NAME = "$(TARGET_NAME)";
				SWIFT_VERSION = 4.0;
				TARGETED_DEVICE_FAMILY = "1,2";
			};
			name = Debug;
		};
		D9032762211F11DF00E6AC35 /* Release */ = {
			isa = XCBuildConfiguration;
			baseConfigurationReference = EAB9F44E22C15DEFA3851B44 /* Pods-ExportContact(VCard).release.xcconfig */;
			buildSettings = {
				ASSETCATALOG_COMPILER_APPICON_NAME = AppIcon;
				CODE_SIGN_STYLE = Automatic;
				DEVELOPMENT_TEAM = 8DVHX5WRRH;
				INFOPLIST_FILE = "ExportContact(VCard)/Info.plist";
				IPHONEOS_DEPLOYMENT_TARGET = 10.0;
				LD_RUNPATH_SEARCH_PATHS = "$(inherited) @executable_path/Frameworks";
				PRODUCT_BUNDLE_IDENTIFIER = "com.mustafagunes.ExportContact-VCard-";
				PRODUCT_NAME = "$(TARGET_NAME)";
				SWIFT_VERSION = 4.0;
				TARGETED_DEVICE_FAMILY = "1,2";
			};
			name = Release;
		};
/* End XCBuildConfiguration section */

/* Begin XCConfigurationList section */
		D9032749211F11DF00E6AC35 /* Build configuration list for PBXProject "ExportContact(VCard)" */ = {
			isa = XCConfigurationList;
			buildConfigurations = (
				D903275E211F11DF00E6AC35 /* Debug */,
				D903275F211F11DF00E6AC35 /* Release */,
			);
			defaultConfigurationIsVisible = 0;
			defaultConfigurationName = Release;
		};
		D9032760211F11DF00E6AC35 /* Build configuration list for PBXNativeTarget "ExportContact(VCard)" */ = {
			isa = XCConfigurationList;
			buildConfigurations = (
				D9032761211F11DF00E6AC35 /* Debug */,
				D9032762211F11DF00E6AC35 /* Release */,
			);
			defaultConfigurationIsVisible = 0;
			defaultConfigurationName = Release;
		};
/* End XCConfigurationList section */
	};
	rootObject = D9032746211F11DF00E6AC35 /* Project object */;
}
